
Microsoft Visual Studio Solution File, Format Version 12.00
# Visual Studio Version 16
VisualStudioVersion = 16.0.31702.278
MinimumVisualStudioVersion = 10.0.40219.1
Project("{9A19103F-16F7-4668-BE54-9A1E7A4F7556}") = "IntegrationTests", "IntegrationTests.csproj", "{5B34A618-D3E1-4609-A099-632CF174D6F6}"
EndProject
Global
	GlobalSection(SolutionConfigurationPlatforms) = preSolution
		Debug|Any CPU = Debug|Any CPU
		Release|Any CPU = Release|Any CPU
	EndGlobalSection
	GlobalSection(ProjectConfigurationPlatforms) = postSolution
		{5B34A618-D3E1-4609-A099-632CF174D6F6}.Debug|Any CPU.ActiveCfg = Debug|Any CPU
		{5B34A618-D3E1-4609-A099-632CF174D6F6}.Debug|Any CPU.Build.0 = Debug|Any CPU
		{5B34A618-D3E1-4609-A099-632CF174D6F6}.Release|Any CPU.ActiveCfg = Release|Any CPU
		{5B34A618-D3E1-4609-A099-632CF174D6F6}.Release|Any CPU.Build.0 = Release|Any CPU
	EndGlobalSection
	GlobalSection(SolutionProperties) = preSolution
		HideSolutionNode = FALSE
	EndGlobalSection
	GlobalSection(ExtensibilityGlobals) = postSolution
		SolutionGuid = {ACB90161-9EAE-4C0B-AF0D-740CB5E531A0}
	EndGlobalSection
EndGlobal
